
Microsoft Visual Studio Solution File, Format Version 12.00
# Visual Studio Version 17
VisualStudioVersion = 17.3.32922.545
MinimumVisualStudioVersion = 10.0.40219.1
Project("{FAE04EC0-301F-11D3-BF4B-00C04F79EFBC}") = "CoworkingMap", "CoworkingMap.csproj", "{1144524F-893C-4DF2-981B-523D499E3791}"
EndProject
Global
	GlobalSection(SolutionConfigurationPlatforms) = preSolution
		Debug|Any CPU = Debug|Any CPU
		Release|Any CPU = Release|Any CPU
	EndGlobalSection
	GlobalSection(ProjectConfigurationPlatforms) = postSolution
		{1144524F-893C-4DF2-981B-523D499E3791}.Debug|Any CPU.ActiveCfg = Debug|Any CPU
		{1144524F-893C-4DF2-981B-523D499E3791}.Debug|Any CPU.Build.0 = Debug|Any CPU
		{1144524F-893C-4DF2-981B-523D499E3791}.Release|Any CPU.ActiveCfg = Release|Any CPU
		{1144524F-893C-4DF2-981B-523D499E3791}.Release|Any CPU.Build.0 = Release|Any CPU
	EndGlobalSection
	GlobalSection(SolutionProperties) = preSolution
		HideSolutionNode = FALSE
	EndGlobalSection
	GlobalSection(ExtensibilityGlobals) = postSolution
		SolutionGuid = {BA1C297D-1D9D-4F6D-A528-2D24CA316354}
	EndGlobalSection
EndGlobal
